
Microsoft Visual Studio Solution File, Format Version 12.00
# Visual Studio Version 17
VisualStudioVersion = 17.2.32630.192
MinimumVisualStudioVersion = 10.0.40219.1
Project("{FAE04EC0-301F-11D3-BF4B-00C04F79EFBC}") = "UselessApi", "UselessApi\UselessApi.csproj", "{D6378ACE-B2FA-4909-A5CD-135252B5EC6D}"
EndProject
Global
	GlobalSection(SolutionConfigurationPlatforms) = preSolution
		Debug|Any CPU = Debug|Any CPU
		Release|Any CPU = Release|Any CPU
	EndGlobalSection
	GlobalSection(ProjectConfigurationPlatforms) = postSolution
		{D6378ACE-B2FA-4909-A5CD-135252B5EC6D}.Debug|Any CPU.ActiveCfg = Debug|Any CPU
		{D6378ACE-B2FA-4909-A5CD-135252B5EC6D}.Debug|Any CPU.Build.0 = Debug|Any CPU
		{D6378ACE-B2FA-4909-A5CD-135252B5EC6D}.Release|Any CPU.ActiveCfg = Release|Any CPU
		{D6378ACE-B2FA-4909-A5CD-135252B5EC6D}.Release|Any CPU.Build.0 = Release|Any CPU
	EndGlobalSection
	GlobalSection(SolutionProperties) = preSolution
		HideSolutionNode = FALSE
	EndGlobalSection
	GlobalSection(ExtensibilityGlobals) = postSolution
		SolutionGuid = {7B600090-8DA3-4F3E-B7F1-5CA3935C147B}
	EndGlobalSection
EndGlobal
